{
  "name": "com682-project",
  "lockfileVersion": 2,
  "requires": true,
  "packages": {
    "": {
      "dependencies": {
        "@auth0/auth0-spa-js": "^2.0.0"
      }
    },
    "node_modules/@auth0/auth0-spa-js": {
      "version": "2.0.0",
      "resolved": "https://registry.npmjs.org/@auth0/auth0-spa-js/-/auth0-spa-js-2.0.0.tgz",
      "integrity": "sha512-qHArgvA+ltI37g1vo3q7XtWxhMNAyL0LrnwCKCHQ1uzMWnxhdyxi2w9/BXfp1c+2L1Zc+DDh3XhpbYVXNhvadg=="
    }
  },
  "dependencies": {
    "@auth0/auth0-spa-js": {
      "version": "2.0.0",
      "resolved": "https://registry.npmjs.org/@auth0/auth0-spa-js/-/auth0-spa-js-2.0.0.tgz",
      "integrity": "sha512-qHArgvA+ltI37g1vo3q7XtWxhMNAyL0LrnwCKCHQ1uzMWnxhdyxi2w9/BXfp1c+2L1Zc+DDh3XhpbYVXNhvadg=="
    }
  }
}
